{
    "version": 3,
    "terraform_version": "0.11.8",
    "serial": 6,
    "lineage": "36da410d-2675-9e86-70ae-46093971c2ac",
    "modules": [
        {
            "path": [
                "root"
            ],
            "outputs": {
                "public_ip": {
                    "sensitive": false,
                    "type": "string",
                    "value": "18.224.190.184"
                }
            },
            "resources": {
                "aws_instance.example": {
                    "type": "aws_instance",
                    "depends_on": [
                        "aws_security_group.instance"
                    ],
                    "primary": {
                        "id": "i-049f516092563ba2a",
                        "attributes": {
                            "ami": "ami-0f65671a86f061fcd",
                            "arn": "arn:aws:ec2:us-east-2:268742939018:instance/i-049f516092563ba2a",
                            "associate_public_ip_address": "true",
                            "availability_zone": "us-east-2c",
                            "cpu_core_count": "1",
                            "cpu_threads_per_core": "1",
                            "credit_specification.#": "1",
                            "credit_specification.0.cpu_credits": "standard",
                            "disable_api_termination": "false",
                            "ebs_block_device.#": "0",
                            "ebs_optimized": "false",
                            "ephemeral_block_device.#": "0",
                            "get_password_data": "false",
                            "iam_instance_profile": "",
                            "id": "i-049f516092563ba2a",
                            "instance_state": "running",
                            "instance_type": "t2.micro",
                            "ipv6_addresses.#": "0",
                            "key_name": "",
                            "monitoring": "false",
                            "network_interface.#": "0",
                            "network_interface_id": "eni-0c5bbf3e05ca23bac",
                            "password_data": "",
                            "placement_group": "",
                            "primary_network_interface_id": "eni-0c5bbf3e05ca23bac",
                            "private_dns": "ip-172-31-40-245.us-east-2.compute.internal",
                            "private_ip": "172.31.40.245",
                            "public_dns": "ec2-18-224-190-184.us-east-2.compute.amazonaws.com",
                            "public_ip": "18.224.190.184",
                            "root_block_device.#": "1",
                            "root_block_device.0.delete_on_termination": "true",
                            "root_block_device.0.iops": "100",
                            "root_block_device.0.volume_id": "vol-04974942116aa42ef",
                            "root_block_device.0.volume_size": "8",
                            "root_block_device.0.volume_type": "gp2",
                            "security_groups.#": "1",
                            "security_groups.3438250447": "imontero-terraform-example",
                            "source_dest_check": "true",
                            "subnet_id": "subnet-ac03c5e0",
                            "tags.%": "1",
                            "tags.Name": "imontero-terraform-example",
                            "tenancy": "default",
                            "user_data": "4430fd6498339061effa6d27ccf341a1e94569d7",
                            "volume_tags.%": "0",
                            "vpc_security_group_ids.#": "1",
                            "vpc_security_group_ids.2526160733": "sg-01610d883b31f9507"
                        },
                        "meta": {
                            "e2bfb730-ecaa-11e6-8f88-34363bc7c4c0": {
                                "create": 600000000000,
                                "delete": 1200000000000,
                                "update": 600000000000
                            },
                            "schema_version": "1"
                        },
                        "tainted": false
                    },
                    "deposed": [],
                    "provider": "provider.aws"
                },
                "aws_security_group.instance": {
                    "type": "aws_security_group",
                    "depends_on": [],
                    "primary": {
                        "id": "sg-01610d883b31f9507",
                        "attributes": {
                            "arn": "arn:aws:ec2:us-east-2:268742939018:security-group/sg-01610d883b31f9507",
                            "description": "Managed by Terraform",
                            "egress.#": "0",
                            "id": "sg-01610d883b31f9507",
                            "ingress.#": "1",
                            "ingress.516175195.cidr_blocks.#": "1",
                            "ingress.516175195.cidr_blocks.0": "0.0.0.0/0",
                            "ingress.516175195.description": "",
                            "ingress.516175195.from_port": "8080",
                            "ingress.516175195.ipv6_cidr_blocks.#": "0",
                            "ingress.516175195.prefix_list_ids.#": "0",
                            "ingress.516175195.protocol": "tcp",
                            "ingress.516175195.security_groups.#": "0",
                            "ingress.516175195.self": "false",
                            "ingress.516175195.to_port": "8080",
                            "name": "imontero-terraform-example",
                            "owner_id": "268742939018",
                            "revoke_rules_on_delete": "false",
                            "tags.%": "0",
                            "vpc_id": "vpc-cbd3eaa3"
                        },
                        "meta": {
                            "e2bfb730-ecaa-11e6-8f88-34363bc7c4c0": {
                                "create": 600000000000,
                                "delete": 600000000000
                            },
                            "schema_version": "1"
                        },
                        "tainted": false
                    },
                    "deposed": [],
                    "provider": "provider.aws"
                }
            },
            "depends_on": []
        }
    ]
}
